
Microsoft Visual Studio Solution File, Format Version 12.00
# Visual Studio Version 16
VisualStudioVersion = 16.0.30104.148
MinimumVisualStudioVersion = 10.0.40219.1
Project("{FAE04EC0-301F-11D3-BF4B-00C04F79EFBC}") = "SortAlgorithms", "SortAlgorithms\SortAlgorithms.csproj", "{824B5D80-998C-4F64-8FF2-A20F4C50C56D}"
EndProject
Project("{FAE04EC0-301F-11D3-BF4B-00C04F79EFBC}") = "VeiwSort", "VeiwSort\VeiwSort.csproj", "{9D1CB90E-26B8-4B3C-8C08-D83892D2656A}"
EndProject
Project("{FAE04EC0-301F-11D3-BF4B-00C04F79EFBC}") = "SortAlgorithmsTests", "SortAlgorithmsTests\SortAlgorithmsTests.csproj", "{DBB22343-2692-4D91-ADBA-1B6428ED5EAC}"
EndProject
Global
	GlobalSection(SolutionConfigurationPlatforms) = preSolution
		Debug|Any CPU = Debug|Any CPU
		Release|Any CPU = Release|Any CPU
	EndGlobalSection
	GlobalSection(ProjectConfigurationPlatforms) = postSolution
		{824B5D80-998C-4F64-8FF2-A20F4C50C56D}.Debug|Any CPU.ActiveCfg = Debug|Any CPU
		{824B5D80-998C-4F64-8FF2-A20F4C50C56D}.Debug|Any CPU.Build.0 = Debug|Any CPU
		{824B5D80-998C-4F64-8FF2-A20F4C50C56D}.Release|Any CPU.ActiveCfg = Release|Any CPU
		{824B5D80-998C-4F64-8FF2-A20F4C50C56D}.Release|Any CPU.Build.0 = Release|Any CPU
		{9D1CB90E-26B8-4B3C-8C08-D83892D2656A}.Debug|Any CPU.ActiveCfg = Debug|Any CPU
		{9D1CB90E-26B8-4B3C-8C08-D83892D2656A}.Debug|Any CPU.Build.0 = Debug|Any CPU
		{9D1CB90E-26B8-4B3C-8C08-D83892D2656A}.Release|Any CPU.ActiveCfg = Release|Any CPU
		{9D1CB90E-26B8-4B3C-8C08-D83892D2656A}.Release|Any CPU.Build.0 = Release|Any CPU
		{DBB22343-2692-4D91-ADBA-1B6428ED5EAC}.Debug|Any CPU.ActiveCfg = Debug|Any CPU
		{DBB22343-2692-4D91-ADBA-1B6428ED5EAC}.Debug|Any CPU.Build.0 = Debug|Any CPU
		{DBB22343-2692-4D91-ADBA-1B6428ED5EAC}.Release|Any CPU.ActiveCfg = Release|Any CPU
		{DBB22343-2692-4D91-ADBA-1B6428ED5EAC}.Release|Any CPU.Build.0 = Release|Any CPU
	EndGlobalSection
	GlobalSection(SolutionProperties) = preSolution
		HideSolutionNode = FALSE
	EndGlobalSection
	GlobalSection(ExtensibilityGlobals) = postSolution
		SolutionGuid = {0E2E7856-618E-494E-A067-EDCE36D6EAEF}
	EndGlobalSection
EndGlobal
